
Microsoft Visual Studio Solution File, Format Version 12.00
# Visual Studio Version 17
VisualStudioVersion = 17.0.31903.59
MinimumVisualStudioVersion = 10.0.40219.1
Project("{2150E333-8FDC-42A3-9474-1A3956D46DE8}") = "src", "src", "{827E0CD3-B72D-47B6-A68D-7590B98EB39B}"
EndProject
Project("{FAE04EC0-301F-11D3-BF4B-00C04F79EFBC}") = "Ceataec.ExampleService", "src\Ceataec.ExampleService\Ceataec.ExampleService.csproj", "{27A47803-F5B7-4970-AE78-8DB4B857DC80}"
EndProject
Project("{2150E333-8FDC-42A3-9474-1A3956D46DE8}") = "tests", "tests", "{0AB3BF05-4346-4AA6-1389-037BE0695223}"
EndProject
Project("{FAE04EC0-301F-11D3-BF4B-00C04F79EFBC}") = "Ceataec.ExampleService.UnitTests", "tests\Ceataec.ExampleService.UnitTests\Ceataec.ExampleService.UnitTests.csproj", "{39CE5403-52F4-4E16-8E6D-A7C6CCDAB81F}"
EndProject
Project("{FAE04EC0-301F-11D3-BF4B-00C04F79EFBC}") = "Ceataec.ExampleService.IntegrationTests", "tests\Ceataec.ExampleService.IntegrationTests\Ceataec.ExampleService.IntegrationTests.csproj", "{7E918C16-A3D6-4403-9E1E-807B67680979}"
EndProject
Project("{FAE04EC0-301F-11D3-BF4B-00C04F79EFBC}") = "Ceataec.ExampleService.ArchitectureTests", "tests\Ceataec.ExampleService.ArchitectureTests\Ceataec.ExampleService.ArchitectureTests.csproj", "{0C7D60FC-99F1-4AB7-8607-D61E61409447}"
EndProject
Global
	GlobalSection(SolutionConfigurationPlatforms) = preSolution
		Debug|Any CPU = Debug|Any CPU
		Debug|x64 = Debug|x64
		Debug|x86 = Debug|x86
		Release|Any CPU = Release|Any CPU
		Release|x64 = Release|x64
		Release|x86 = Release|x86
	EndGlobalSection
	GlobalSection(ProjectConfigurationPlatforms) = postSolution
		{27A47803-F5B7-4970-AE78-8DB4B857DC80}.Debug|Any CPU.ActiveCfg = Debug|Any CPU
		{27A47803-F5B7-4970-AE78-8DB4B857DC80}.Debug|Any CPU.Build.0 = Debug|Any CPU
		{27A47803-F5B7-4970-AE78-8DB4B857DC80}.Debug|x64.ActiveCfg = Debug|Any CPU
		{27A47803-F5B7-4970-AE78-8DB4B857DC80}.Debug|x64.Build.0 = Debug|Any CPU
		{27A47803-F5B7-4970-AE78-8DB4B857DC80}.Debug|x86.ActiveCfg = Debug|Any CPU
		{27A47803-F5B7-4970-AE78-8DB4B857DC80}.Debug|x86.Build.0 = Debug|Any CPU
		{27A47803-F5B7-4970-AE78-8DB4B857DC80}.Release|Any CPU.ActiveCfg = Release|Any CPU
		{27A47803-F5B7-4970-AE78-8DB4B857DC80}.Release|Any CPU.Build.0 = Release|Any CPU
		{27A47803-F5B7-4970-AE78-8DB4B857DC80}.Release|x64.ActiveCfg = Release|Any CPU
		{27A47803-F5B7-4970-AE78-8DB4B857DC80}.Release|x64.Build.0 = Release|Any CPU
		{27A47803-F5B7-4970-AE78-8DB4B857DC80}.Release|x86.ActiveCfg = Release|Any CPU
		{27A47803-F5B7-4970-AE78-8DB4B857DC80}.Release|x86.Build.0 = Release|Any CPU
		{39CE5403-52F4-4E16-8E6D-A7C6CCDAB81F}.Debug|Any CPU.ActiveCfg = Debug|Any CPU
		{39CE5403-52F4-4E16-8E6D-A7C6CCDAB81F}.Debug|Any CPU.Build.0 = Debug|Any CPU
		{39CE5403-52F4-4E16-8E6D-A7C6CCDAB81F}.Debug|x64.ActiveCfg = Debug|Any CPU
		{39CE5403-52F4-4E16-8E6D-A7C6CCDAB81F}.Debug|x64.Build.0 = Debug|Any CPU
		{39CE5403-52F4-4E16-8E6D-A7C6CCDAB81F}.Debug|x86.ActiveCfg = Debug|Any CPU
		{39CE5403-52F4-4E16-8E6D-A7C6CCDAB81F}.Debug|x86.Build.0 = Debug|Any CPU
		{39CE5403-52F4-4E16-8E6D-A7C6CCDAB81F}.Release|Any CPU.ActiveCfg = Release|Any CPU
		{39CE5403-52F4-4E16-8E6D-A7C6CCDAB81F}.Release|Any CPU.Build.0 = Release|Any CPU
		{39CE5403-52F4-4E16-8E6D-A7C6CCDAB81F}.Release|x64.ActiveCfg = Release|Any CPU
		{39CE5403-52F4-4E16-8E6D-A7C6CCDAB81F}.Release|x64.Build.0 = Release|Any CPU
		{39CE5403-52F4-4E16-8E6D-A7C6CCDAB81F}.Release|x86.ActiveCfg = Release|Any CPU
		{39CE5403-52F4-4E16-8E6D-A7C6CCDAB81F}.Release|x86.Build.0 = Release|Any CPU
		{7E918C16-A3D6-4403-9E1E-807B67680979}.Debug|Any CPU.ActiveCfg = Debug|Any CPU
		{7E918C16-A3D6-4403-9E1E-807B67680979}.Debug|Any CPU.Build.0 = Debug|Any CPU
		{7E918C16-A3D6-4403-9E1E-807B67680979}.Debug|x64.ActiveCfg = Debug|Any CPU
		{7E918C16-A3D6-4403-9E1E-807B67680979}.Debug|x64.Build.0 = Debug|Any CPU
		{7E918C16-A3D6-4403-9E1E-807B67680979}.Debug|x86.ActiveCfg = Debug|Any CPU
		{7E918C16-A3D6-4403-9E1E-807B67680979}.Debug|x86.Build.0 = Debug|Any CPU
		{7E918C16-A3D6-4403-9E1E-807B67680979}.Release|Any CPU.ActiveCfg = Release|Any CPU
		{7E918C16-A3D6-4403-9E1E-807B67680979}.Release|Any CPU.Build.0 = Release|Any CPU
		{7E918C16-A3D6-4403-9E1E-807B67680979}.Release|x64.ActiveCfg = Release|Any CPU
		{7E918C16-A3D6-4403-9E1E-807B67680979}.Release|x64.Build.0 = Release|Any CPU
		{7E918C16-A3D6-4403-9E1E-807B67680979}.Release|x86.ActiveCfg = Release|Any CPU
		{7E918C16-A3D6-4403-9E1E-807B67680979}.Release|x86.Build.0 = Release|Any CPU
		{0C7D60FC-99F1-4AB7-8607-D61E61409447}.Debug|Any CPU.ActiveCfg = Debug|Any CPU
		{0C7D60FC-99F1-4AB7-8607-D61E61409447}.Debug|Any CPU.Build.0 = Debug|Any CPU
		{0C7D60FC-99F1-4AB7-8607-D61E61409447}.Debug|x64.ActiveCfg = Debug|Any CPU
		{0C7D60FC-99F1-4AB7-8607-D61E61409447}.Debug|x64.Build.0 = Debug|Any CPU
		{0C7D60FC-99F1-4AB7-8607-D61E61409447}.Debug|x86.ActiveCfg = Debug|Any CPU
		{0C7D60FC-99F1-4AB7-8607-D61E61409447}.Debug|x86.Build.0 = Debug|Any CPU
		{0C7D60FC-99F1-4AB7-8607-D61E61409447}.Release|Any CPU.ActiveCfg = Release|Any CPU
		{0C7D60FC-99F1-4AB7-8607-D61E61409447}.Release|Any CPU.Build.0 = Release|Any CPU
		{0C7D60FC-99F1-4AB7-8607-D61E61409447}.Release|x64.ActiveCfg = Release|Any CPU
		{0C7D60FC-99F1-4AB7-8607-D61E61409447}.Release|x64.Build.0 = Release|Any CPU
		{0C7D60FC-99F1-4AB7-8607-D61E61409447}.Release|x86.ActiveCfg = Release|Any CPU
		{0C7D60FC-99F1-4AB7-8607-D61E61409447}.Release|x86.Build.0 = Release|Any CPU
	EndGlobalSection
	GlobalSection(SolutionProperties) = preSolution
		HideSolutionNode = FALSE
	EndGlobalSection
	GlobalSection(NestedProjects) = preSolution
		{27A47803-F5B7-4970-AE78-8DB4B857DC80} = {827E0CD3-B72D-47B6-A68D-7590B98EB39B}
		{39CE5403-52F4-4E16-8E6D-A7C6CCDAB81F} = {0AB3BF05-4346-4AA6-1389-037BE0695223}
		{7E918C16-A3D6-4403-9E1E-807B67680979} = {0AB3BF05-4346-4AA6-1389-037BE0695223}
		{0C7D60FC-99F1-4AB7-8607-D61E61409447} = {0AB3BF05-4346-4AA6-1389-037BE0695223}
	EndGlobalSection
EndGlobal
